// !$*UTF8*$!
{
	archiveVersion = 1;
	classes = {
	};
	objectVersion = 56;
	objects = {

/* Begin PBXBuildFile section */
		88D6D82D2A63F48900D3130C /* AppDelegate.swift in Sources */ = {isa = PBXBuildFile; fileRef = 88D6D82C2A63F48900D3130C /* AppDelegate.swift */; };
		88D6D82F2A63F48900D3130C /* SceneDelegate.swift in Sources */ = {isa = PBXBuildFile; fileRef = 88D6D82E2A63F48900D3130C /* SceneDelegate.swift */; };
		88D6D8312A63F48900D3130C /* ViewController.swift in Sources */ = {isa = PBXBuildFile; fileRef = 88D6D8302A63F48900D3130C /* ViewController.swift */; };
		88D6D8342A63F48900D3130C /* Main.storyboard in Resources */ = {isa = PBXBuildFile; fileRef = 88D6D8322A63F48900D3130C /* Main.storyboard */; };
		88D6D8362A63F48B00D3130C /* Assets.xcassets in Resources */ = {isa = PBXBuildFile; fileRef = 88D6D8352A63F48B00D3130C /* Assets.xcassets */; };
		88D6D8392A63F48B00D3130C /* LaunchScreen.storyboard in Resources */ = {isa = PBXBuildFile; fileRef = 88D6D8372A63F48B00D3130C /* LaunchScreen.storyboard */; };
		88D6D8442A63F48B00D3130C /* RxSwiftTests.swift in Sources */ = {isa = PBXBuildFile; fileRef = 88D6D8432A63F48B00D3130C /* RxSwiftTests.swift */; };
		88D6D84E2A63F48B00D3130C /* RxSwiftUITests.swift in Sources */ = {isa = PBXBuildFile; fileRef = 88D6D84D2A63F48B00D3130C /* RxSwiftUITests.swift */; };
		88D6D8502A63F48B00D3130C /* RxSwiftUITestsLaunchTests.swift in Sources */ = {isa = PBXBuildFile; fileRef = 88D6D84F2A63F48B00D3130C /* RxSwiftUITestsLaunchTests.swift */; };
/* End PBXBuildFile section */

/* Begin PBXContainerItemProxy section */
		88D6D8402A63F48B00D3130C /* PBXContainerItemProxy */ = {
			isa = PBXContainerItemProxy;
			containerPortal = 88D6D8212A63F48900D3130C /* Project object */;
			proxyType = 1;
			remoteGlobalIDString = 88D6D8282A63F48900D3130C;
			remoteInfo = RxSwift;
		};
		88D6D84A2A63F48B00D3130C /* PBXContainerItemProxy */ = {
			isa = PBXContainerItemProxy;
			containerPortal = 88D6D8212A63F48900D3130C /* Project object */;
			proxyType = 1;
			remoteGlobalIDString = 88D6D8282A63F48900D3130C;
			remoteInfo = RxSwift;
		};
/* End PBXContainerItemProxy section */

/* Begin PBXFileReference section */
		88D6D8292A63F48900D3130C /* RxSwift.app */ = {isa = PBXFileReference; explicitFileType = wrapper.application; includeInIndex = 0; path = RxSwift.app; sourceTree = BUILT_PRODUCTS_DIR; };
		88D6D82C2A63F48900D3130C /* AppDelegate.swift */ = {isa = PBXFileReference; lastKnownFileType = sourcecode.swift; path = AppDelegate.swift; sourceTree = "<group>"; };
		88D6D82E2A63F48900D3130C /* SceneDelegate.swift */ = {isa = PBXFileReference; lastKnownFileType = sourcecode.swift; path = SceneDelegate.swift; sourceTree = "<group>"; };
		88D6D8302A63F48900D3130C /* ViewController.swift */ = {isa = PBXFileReference; lastKnownFileType = sourcecode.swift; path = ViewController.swift; sourceTree = "<group>"; };
		88D6D8332A63F48900D3130C /* Base */ = {isa = PBXFileReference; lastKnownFileType = file.storyboard; name = Base; path = Base.lproj/Main.storyboard; sourceTree = "<group>"; };
		88D6D8352A63F48B00D3130C /* Assets.xcassets */ = {isa = PBXFileReference; lastKnownFileType = folder.assetcatalog; path = Assets.xcassets; sourceTree = "<group>"; };
		88D6D8382A63F48B00D3130C /* Base */ = {isa = PBXFileReference; lastKnownFileType = file.storyboard; name = Base; path = Base.lproj/LaunchScreen.storyboard; sourceTree = "<group>"; };
		88D6D83A2A63F48B00D3130C /* Info.plist */ = {isa = PBXFileReference; lastKnownFileType = text.plist.xml; path = Info.plist; sourceTree = "<group>"; };
		88D6D83F2A63F48B00D3130C /* RxSwiftTests.xctest */ = {isa = PBXFileReference; explicitFileType = wrapper.cfbundle; includeInIndex = 0; path = RxSwiftTests.xctest; sourceTree = BUILT_PRODUCTS_DIR; };
		88D6D8432A63F48B00D3130C /* RxSwiftTests.swift */ = {isa = PBXFileReference; lastKnownFileType = sourcecode.swift; path = RxSwiftTests.swift; sourceTree = "<group>"; };
		88D6D8492A63F48B00D3130C /* RxSwiftUITests.xctest */ = {isa = PBXFileReference; explicitFileType = wrapper.cfbundle; includeInIndex = 0; path = RxSwiftUITests.xctest; sourceTree = BUILT_PRODUCTS_DIR; };
		88D6D84D2A63F48B00D3130C /* RxSwiftUITests.swift */ = {isa = PBXFileReference; lastKnownFileType = sourcecode.swift; path = RxSwiftUITests.swift; sourceTree = "<group>"; };
		88D6D84F2A63F48B00D3130C /* RxSwiftUITestsLaunchTests.swift */ = {isa = PBXFileReference; lastKnownFileType = sourcecode.swift; path = RxSwiftUITestsLaunchTests.swift; sourceTree = "<group>"; };
/* End PBXFileReference section */

/* Begin PBXFrameworksBuildPhase section */
		88D6D8262A63F48900D3130C /* Frameworks */ = {
			isa = PBXFrameworksBuildPhase;
			buildActionMask = 2147483647;
			files = (
			);
			runOnlyForDeploymentPostprocessing = 0;
		};
		88D6D83C2A63F48B00D3130C /* Frameworks */ = {
			isa = PBXFrameworksBuildPhase;
			buildActionMask = 2147483647;
			files = (
			);
			runOnlyForDeploymentPostprocessing = 0;
		};
		88D6D8462A63F48B00D3130C /* Frameworks */ = {
			isa = PBXFrameworksBuildPhase;
			buildActionMask = 2147483647;
			files = (
			);
			runOnlyForDeploymentPostprocessing = 0;
		};
/* End PBXFrameworksBuildPhase section */

/* Begin PBXGroup section */
		88D6D8202A63F48900D3130C = {
			isa = PBXGroup;
			children = (
				88D6D82B2A63F48900D3130C /* RxSwift */,
				88D6D8422A63F48B00D3130C /* RxSwiftTests */,
				88D6D84C2A63F48B00D3130C /* RxSwiftUITests */,
				88D6D82A2A63F48900D3130C /* Products */,
			);
			sourceTree = "<group>";
		};
		88D6D82A2A63F48900D3130C /* Products */ = {
			isa = PBXGroup;
			children = (
				88D6D8292A63F48900D3130C /* RxSwift.app */,
				88D6D83F2A63F48B00D3130C /* RxSwiftTests.xctest */,
				88D6D8492A63F48B00D3130C /* RxSwiftUITests.xctest */,
			);
			name = Products;
			sourceTree = "<group>";
		};
		88D6D82B2A63F48900D3130C /* RxSwift */ = {
			isa = PBXGroup;
			children = (
				88D6D82C2A63F48900D3130C /* AppDelegate.swift */,
				88D6D82E2A63F48900D3130C /* SceneDelegate.swift */,
				88D6D8302A63F48900D3130C /* ViewController.swift */,
				88D6D8322A63F48900D3130C /* Main.storyboard */,
				88D6D8352A63F48B00D3130C /* Assets.xcassets */,
				88D6D8372A63F48B00D3130C /* LaunchScreen.storyboard */,
				88D6D83A2A63F48B00D3130C /* Info.plist */,
			);
			path = RxSwift;
			sourceTree = "<group>";
		};
		88D6D8422A63F48B00D3130C /* RxSwiftTests */ = {
			isa = PBXGroup;
			children = (
				88D6D8432A63F48B00D3130C /* RxSwiftTests.swift */,
			);
			path = RxSwiftTests;
			sourceTree = "<group>";
		};
		88D6D84C2A63F48B00D3130C /* RxSwiftUITests */ = {
			isa = PBXGroup;
			children = (
				88D6D84D2A63F48B00D3130C /* RxSwiftUITests.swift */,
				88D6D84F2A63F48B00D3130C /* RxSwiftUITestsLaunchTests.swift */,
			);
			path = RxSwiftUITests;
			sourceTree = "<group>";
		};
/* End PBXGroup section */

/* Begin PBXNativeTarget section */
		88D6D8282A63F48900D3130C /* RxSwift */ = {
			isa = PBXNativeTarget;
			buildConfigurationList = 88D6D8532A63F48B00D3130C /* Build configuration list for PBXNativeTarget "RxSwift" */;
			buildPhases = (
				88D6D8252A63F48900D3130C /* Sources */,
				88D6D8262A63F48900D3130C /* Frameworks */,
				88D6D8272A63F48900D3130C /* Resources */,
			);
			buildRules = (
			);
			dependencies = (
			);
			name = RxSwift;
			productName = RxSwift;
			productReference = 88D6D8292A63F48900D3130C /* RxSwift.app */;
			productType = "com.apple.product-type.application";
		};
		88D6D83E2A63F48B00D3130C /* RxSwiftTests */ = {
			isa = PBXNativeTarget;
			buildConfigurationList = 88D6D8562A63F48B00D3130C /* Build configuration list for PBXNativeTarget "RxSwiftTests" */;
			buildPhases = (
				88D6D83B2A63F48B00D3130C /* Sources */,
				88D6D83C2A63F48B00D3130C /* Frameworks */,
				88D6D83D2A63F48B00D3130C /* Resources */,
			);
			buildRules = (
			);
			dependencies = (
				88D6D8412A63F48B00D3130C /* PBXTargetDependency */,
			);
			name = RxSwiftTests;
			productName = RxSwiftTests;
			productReference = 88D6D83F2A63F48B00D3130C /* RxSwiftTests.xctest */;
			productType = "com.apple.product-type.bundle.unit-test";
		};
		88D6D8482A63F48B00D3130C /* RxSwiftUITests */ = {
			isa = PBXNativeTarget;
			buildConfigurationList = 88D6D8592A63F48B00D3130C /* Build configuration list for PBXNativeTarget "RxSwiftUITests" */;
			buildPhases = (
				88D6D8452A63F48B00D3130C /* Sources */,
				88D6D8462A63F48B00D3130C /* Frameworks */,
				88D6D8472A63F48B00D3130C /* Resources */,
			);
			buildRules = (
			);
			dependencies = (
				88D6D84B2A63F48B00D3130C /* PBXTargetDependency */,
			);
			name = RxSwiftUITests;
			productName = RxSwiftUITests;
			productReference = 88D6D8492A63F48B00D3130C /* RxSwiftUITests.xctest */;
			productType = "com.apple.product-type.bundle.ui-testing";
		};
/* End PBXNativeTarget section */

/* Begin PBXProject section */
		88D6D8212A63F48900D3130C /* Project object */ = {
			isa = PBXProject;
			attributes = {
				BuildIndependentTargetsInParallel = 1;
				LastSwiftUpdateCheck = 1430;
				LastUpgradeCheck = 1430;
				TargetAttributes = {
					88D6D8282A63F48900D3130C = {
						CreatedOnToolsVersion = 14.3.1;
					};
					88D6D83E2A63F48B00D3130C = {
						CreatedOnToolsVersion = 14.3.1;
						TestTargetID = 88D6D8282A63F48900D3130C;
					};
					88D6D8482A63F48B00D3130C = {
						CreatedOnToolsVersion = 14.3.1;
						TestTargetID = 88D6D8282A63F48900D3130C;
					};
				};
			};
			buildConfigurationList = 88D6D8242A63F48900D3130C /* Build configuration list for PBXProject "RxSwift" */;
			compatibilityVersion = "Xcode 14.0";
			developmentRegion = en;
			hasScannedForEncodings = 0;
			knownRegions = (
				en,
				Base,
			);
			mainGroup = 88D6D8202A63F48900D3130C;
			productRefGroup = 88D6D82A2A63F48900D3130C /* Products */;
			projectDirPath = "";
			projectRoot = "";
			targets = (
				88D6D8282A63F48900D3130C /* RxSwift */,
				88D6D83E2A63F48B00D3130C /* RxSwiftTests */,
				88D6D8482A63F48B00D3130C /* RxSwiftUITests */,
			);
		};
/* End PBXProject section */

/* Begin PBXResourcesBuildPhase section */
		88D6D8272A63F48900D3130C /* Resources */ = {
			isa = PBXResourcesBuildPhase;
			buildActionMask = 2147483647;
			files = (
				88D6D8392A63F48B00D3130C /* LaunchScreen.storyboard in Resources */,
				88D6D8362A63F48B00D3130C /* Assets.xcassets in Resources */,
				88D6D8342A63F48900D3130C /* Main.storyboard in Resources */,
			);
			runOnlyForDeploymentPostprocessing = 0;
		};
		88D6D83D2A63F48B00D3130C /* Resources */ = {
			isa = PBXResourcesBuildPhase;
			buildActionMask = 2147483647;
			files = (
			);
			runOnlyForDeploymentPostprocessing = 0;
		};
		88D6D8472A63F48B00D3130C /* Resources */ = {
			isa = PBXResourcesBuildPhase;
			buildActionMask = 2147483647;
			files = (
			);
			runOnlyForDeploymentPostprocessing = 0;
		};
/* End PBXResourcesBuildPhase section */

/* Begin PBXSourcesBuildPhase section */
		88D6D8252A63F48900D3130C /* Sources */ = {
			isa = PBXSourcesBuildPhase;
			buildActionMask = 2147483647;
			files = (
				88D6D8312A63F48900D3130C /* ViewController.swift in Sources */,
				88D6D82D2A63F48900D3130C /* AppDelegate.swift in Sources */,
				88D6D82F2A63F48900D3130C /* SceneDelegate.swift in Sources */,
			);
			runOnlyForDeploymentPostprocessing = 0;
		};
		88D6D83B2A63F48B00D3130C /* Sources */ = {
			isa = PBXSourcesBuildPhase;
			buildActionMask = 2147483647;
			files = (
				88D6D8442A63F48B00D3130C /* RxSwiftTests.swift in Sources */,
			);
			runOnlyForDeploymentPostprocessing = 0;
		};
		88D6D8452A63F48B00D3130C /* Sources */ = {
			isa = PBXSourcesBuildPhase;
			buildActionMask = 2147483647;
			files = (
				88D6D8502A63F48B00D3130C /* RxSwiftUITestsLaunchTests.swift in Sources */,
				88D6D84E2A63F48B00D3130C /* RxSwiftUITests.swift in Sources */,
			);
			runOnlyForDeploymentPostprocessing = 0;
		};
/* End PBXSourcesBuildPhase section */

/* Begin PBXTargetDependency section */
		88D6D8412A63F48B00D3130C /* PBXTargetDependency */ = {
			isa = PBXTargetDependency;
			target = 88D6D8282A63F48900D3130C /* RxSwift */;
			targetProxy = 88D6D8402A63F48B00D3130C /* PBXContainerItemProxy */;
		};
		88D6D84B2A63F48B00D3130C /* PBXTargetDependency */ = {
			isa = PBXTargetDependency;
			target = 88D6D8282A63F48900D3130C /* RxSwift */;
			targetProxy = 88D6D84A2A63F48B00D3130C /* PBXContainerItemProxy */;
		};
/* End PBXTargetDependency section */

/* Begin PBXVariantGroup section */
		88D6D8322A63F48900D3130C /* Main.storyboard */ = {
			isa = PBXVariantGroup;
			children = (
				88D6D8332A63F48900D3130C /* Base */,
			);
			name = Main.storyboard;
			sourceTree = "<group>";
		};
		88D6D8372A63F48B00D3130C /* LaunchScreen.storyboard */ = {
			isa = PBXVariantGroup;
			children = (
				88D6D8382A63F48B00D3130C /* Base */,
			);
			name = LaunchScreen.storyboard;
			sourceTree = "<group>";
		};
/* End PBXVariantGroup section */

/* Begin XCBuildConfiguration section */
		88D6D8512A63F48B00D3130C /* Debug */ = {
			isa = XCBuildConfiguration;
			buildSettings = {
				ALWAYS_SEARCH_USER_PATHS = NO;
				CLANG_ANALYZER_NONNULL = YES;
				CLANG_ANALYZER_NUMBER_OBJECT_CONVERSION = YES_AGGRESSIVE;
				CLANG_CXX_LANGUAGE_STANDARD = "gnu++20";
				CLANG_ENABLE_MODULES = YES;
				CLANG_ENABLE_OBJC_ARC = YES;
				CLANG_ENABLE_OBJC_WEAK = YES;
				CLANG_WARN_BLOCK_CAPTURE_AUTORELEASING = YES;
				CLANG_WARN_BOOL_CONVERSION = YES;
				CLANG_WARN_COMMA = YES;
				CLANG_WARN_CONSTANT_CONVERSION = YES;
				CLANG_WARN_DEPRECATED_OBJC_IMPLEMENTATIONS = YES;
				CLANG_WARN_DIRECT_OBJC_ISA_USAGE = YES_ERROR;
				CLANG_WARN_DOCUMENTATION_COMMENTS = YES;
				CLANG_WARN_EMPTY_BODY = YES;
				CLANG_WARN_ENUM_CONVERSION = YES;
				CLANG_WARN_INFINITE_RECURSION = YES;
				CLANG_WARN_INT_CONVERSION = YES;
				CLANG_WARN_NON_LITERAL_NULL_CONVERSION = YES;
				CLANG_WARN_OBJC_IMPLICIT_RETAIN_SELF = YES;
				CLANG_WARN_OBJC_LITERAL_CONVERSION = YES;
				CLANG_WARN_OBJC_ROOT_CLASS = YES_ERROR;
				CLANG_WARN_QUOTED_INCLUDE_IN_FRAMEWORK_HEADER = YES;
				CLANG_WARN_RANGE_LOOP_ANALYSIS = YES;
				CLANG_WARN_STRICT_PROTOTYPES = YES;
				CLANG_WARN_SUSPICIOUS_MOVE = YES;
				CLANG_WARN_UNGUARDED_AVAILABILITY = YES_AGGRESSIVE;
				CLANG_WARN_UNREACHABLE_CODE = YES;
				CLANG_WARN__DUPLICATE_METHOD_MATCH = YES;
				COPY_PHASE_STRIP = NO;
				DEBUG_INFORMATION_FORMAT = dwarf;
				ENABLE_STRICT_OBJC_MSGSEND = YES;
				ENABLE_TESTABILITY = YES;
				GCC_C_LANGUAGE_STANDARD = gnu11;
				GCC_DYNAMIC_NO_PIC = NO;
				GCC_NO_COMMON_BLOCKS = YES;
				GCC_OPTIMIZATION_LEVEL = 0;
				GCC_PREPROCESSOR_DEFINITIONS = (
					"DEBUG=1",
					"$(inherited)",
				);
				GCC_WARN_64_TO_32_BIT_CONVERSION = YES;
				GCC_WARN_ABOUT_RETURN_TYPE = YES_ERROR;
				GCC_WARN_UNDECLARED_SELECTOR = YES;
				GCC_WARN_UNINITIALIZED_AUTOS = YES_AGGRESSIVE;
				GCC_WARN_UNUSED_FUNCTION = YES;
				GCC_WARN_UNUSED_VARIABLE = YES;
				IPHONEOS_DEPLOYMENT_TARGET = 16.4;
				MTL_ENABLE_DEBUG_INFO = INCLUDE_SOURCE;
				MTL_FAST_MATH = YES;
				ONLY_ACTIVE_ARCH = YES;
				SDKROOT = iphoneos;
				SWIFT_ACTIVE_COMPILATION_CONDITIONS = DEBUG;
				SWIFT_OPTIMIZATION_LEVEL = "-Onone";
			};
			name = Debug;
		};
		88D6D8522A63F48B00D3130C /* Release */ = {
			isa = XCBuildConfiguration;
			buildSettings = {
				ALWAYS_SEARCH_USER_PATHS = NO;
				CLANG_ANALYZER_NONNULL = YES;
				CLANG_ANALYZER_NUMBER_OBJECT_CONVERSION = YES_AGGRESSIVE;
				CLANG_CXX_LANGUAGE_STANDARD = "gnu++20";
				CLANG_ENABLE_MODULES = YES;
				CLANG_ENABLE_OBJC_ARC = YES;
				CLANG_ENABLE_OBJC_WEAK = YES;
				CLANG_WARN_BLOCK_CAPTURE_AUTORELEASING = YES;
				CLANG_WARN_BOOL_CONVERSION = YES;
				CLANG_WARN_COMMA = YES;
				CLANG_WARN_CONSTANT_CONVERSION = YES;
				CLANG_WARN_DEPRECATED_OBJC_IMPLEMENTATIONS = YES;
				CLANG_WARN_DIRECT_OBJC_ISA_USAGE = YES_ERROR;
				CLANG_WARN_DOCUMENTATION_COMMENTS = YES;
				CLANG_WARN_EMPTY_BODY = YES;
				CLANG_WARN_ENUM_CONVERSION = YES;
				CLANG_WARN_INFINITE_RECURSION = YES;
				CLANG_WARN_INT_CONVERSION = YES;
				CLANG_WARN_NON_LITERAL_NULL_CONVERSION = YES;
				CLANG_WARN_OBJC_IMPLICIT_RETAIN_SELF = YES;
				CLANG_WARN_OBJC_LITERAL_CONVERSION = YES;
				CLANG_WARN_OBJC_ROOT_CLASS = YES_ERROR;
				CLANG_WARN_QUOTED_INCLUDE_IN_FRAMEWORK_HEADER = YES;
				CLANG_WARN_RANGE_LOOP_ANALYSIS = YES;
				CLANG_WARN_STRICT_PROTOTYPES = YES;
				CLANG_WARN_SUSPICIOUS_MOVE = YES;
				CLANG_WARN_UNGUARDED_AVAILABILITY = YES_AGGRESSIVE;
				CLANG_WARN_UNREACHABLE_CODE = YES;
				CLANG_WARN__DUPLICATE_METHOD_MATCH = YES;
				COPY_PHASE_STRIP = NO;
				DEBUG_INFORMATION_FORMAT = "dwarf-with-dsym";
				ENABLE_NS_ASSERTIONS = NO;
				ENABLE_STRICT_OBJC_MSGSEND = YES;
				GCC_C_LANGUAGE_STANDARD = gnu11;
				GCC_NO_COMMON_BLOCKS = YES;
				GCC_WARN_64_TO_32_BIT_CONVERSION = YES;
				GCC_WARN_ABOUT_RETURN_TYPE = YES_ERROR;
				GCC_WARN_UNDECLARED_SELECTOR = YES;
				GCC_WARN_UNINITIALIZED_AUTOS = YES_AGGRESSIVE;
				GCC_WARN_UNUSED_FUNCTION = YES;
				GCC_WARN_UNUSED_VARIABLE = YES;
				IPHONEOS_DEPLOYMENT_TARGET = 16.4;
				MTL_ENABLE_DEBUG_INFO = NO;
				MTL_FAST_MATH = YES;
				SDKROOT = iphoneos;
				SWIFT_COMPILATION_MODE = wholemodule;
				SWIFT_OPTIMIZATION_LEVEL = "-O";
				VALIDATE_PRODUCT = YES;
			};
			name = Release;
		};
		88D6D8542A63F48B00D3130C /* Debug */ = {
			isa = XCBuildConfiguration;
			buildSettings = {
				ASSETCATALOG_COMPILER_APPICON_NAME = AppIcon;
				ASSETCATALOG_COMPILER_GLOBAL_ACCENT_COLOR_NAME = AccentColor;
				CODE_SIGN_STYLE = Automatic;
				CURRENT_PROJECT_VERSION = 1;
				GENERATE_INFOPLIST_FILE = YES;
				INFOPLIST_FILE = RxSwift/Info.plist;
				INFOPLIST_KEY_UIApplicationSupportsIndirectInputEvents = YES;
				INFOPLIST_KEY_UILaunchStoryboardName = LaunchScreen;
				INFOPLIST_KEY_UIMainStoryboardFile = Main;
				INFOPLIST_KEY_UISupportedInterfaceOrientations_iPad = "UIInterfaceOrientationPortrait UIInterfaceOrientationPortraitUpsideDown UIInterfaceOrientationLandscapeLeft UIInterfaceOrientationLandscapeRight";
				INFOPLIST_KEY_UISupportedInterfaceOrientations_iPhone = "UIInterfaceOrientationPortrait UIInterfaceOrientationLandscapeLeft UIInterfaceOrientationLandscapeRight";
				LD_RUNPATH_SEARCH_PATHS = (
					"$(inherited)",
					"@executable_path/Frameworks",
				);
				MARKETING_VERSION = 1.0;
				PRODUCT_BUNDLE_IDENTIFIER = com.jiminPark.RxSwift;
				PRODUCT_NAME = "$(TARGET_NAME)";
				SWIFT_EMIT_LOC_STRINGS = YES;
				SWIFT_VERSION = 5.0;
				TARGETED_DEVICE_FAMILY = "1,2";
			};
			name = Debug;
		};
		88D6D8552A63F48B00D3130C /* Release */ = {
			isa = XCBuildConfiguration;
			buildSettings = {
				ASSETCATALOG_COMPILER_APPICON_NAME = AppIcon;
				ASSETCATALOG_COMPILER_GLOBAL_ACCENT_COLOR_NAME = AccentColor;
				CODE_SIGN_STYLE = Automatic;
				CURRENT_PROJECT_VERSION = 1;
				GENERATE_INFOPLIST_FILE = YES;
				INFOPLIST_FILE = RxSwift/Info.plist;
				INFOPLIST_KEY_UIApplicationSupportsIndirectInputEvents = YES;
				INFOPLIST_KEY_UILaunchStoryboardName = LaunchScreen;
				INFOPLIST_KEY_UIMainStoryboardFile = Main;
				INFOPLIST_KEY_UISupportedInterfaceOrientations_iPad = "UIInterfaceOrientationPortrait UIInterfaceOrientationPortraitUpsideDown UIInterfaceOrientationLandscapeLeft UIInterfaceOrientationLandscapeRight";
				INFOPLIST_KEY_UISupportedInterfaceOrientations_iPhone = "UIInterfaceOrientationPortrait UIInterfaceOrientationLandscapeLeft UIInterfaceOrientationLandscapeRight";
				LD_RUNPATH_SEARCH_PATHS = (
					"$(inherited)",
					"@executable_path/Frameworks",
				);
				MARKETING_VERSION = 1.0;
				PRODUCT_BUNDLE_IDENTIFIER = com.jiminPark.RxSwift;
				PRODUCT_NAME = "$(TARGET_NAME)";
				SWIFT_EMIT_LOC_STRINGS = YES;
				SWIFT_VERSION = 5.0;
				TARGETED_DEVICE_FAMILY = "1,2";
			};
			name = Release;
		};
		88D6D8572A63F48B00D3130C /* Debug */ = {
			isa = XCBuildConfiguration;
			buildSettings = {
				ALWAYS_EMBED_SWIFT_STANDARD_LIBRARIES = YES;
				BUNDLE_LOADER = "$(TEST_HOST)";
				CODE_SIGN_STYLE = Automatic;
				CURRENT_PROJECT_VERSION = 1;
				GENERATE_INFOPLIST_FILE = YES;
				IPHONEOS_DEPLOYMENT_TARGET = 16.4;
				MARKETING_VERSION = 1.0;
				PRODUCT_BUNDLE_IDENTIFIER = com.jiminPark.RxSwiftTests;
				PRODUCT_NAME = "$(TARGET_NAME)";
				SWIFT_EMIT_LOC_STRINGS = NO;
				SWIFT_VERSION = 5.0;
				TARGETED_DEVICE_FAMILY = "1,2";
				TEST_HOST = "$(BUILT_PRODUCTS_DIR)/RxSwift.app/$(BUNDLE_EXECUTABLE_FOLDER_PATH)/RxSwift";
			};
			name = Debug;
		};
		88D6D8582A63F48B00D3130C /* Release */ = {
			isa = XCBuildConfiguration;
			buildSettings = {
				ALWAYS_EMBED_SWIFT_STANDARD_LIBRARIES = YES;
				BUNDLE_LOADER = "$(TEST_HOST)";
				CODE_SIGN_STYLE = Automatic;
				CURRENT_PROJECT_VERSION = 1;
				GENERATE_INFOPLIST_FILE = YES;
				IPHONEOS_DEPLOYMENT_TARGET = 16.4;
				MARKETING_VERSION = 1.0;
				PRODUCT_BUNDLE_IDENTIFIER = com.jiminPark.RxSwiftTests;
				PRODUCT_NAME = "$(TARGET_NAME)";
				SWIFT_EMIT_LOC_STRINGS = NO;
				SWIFT_VERSION = 5.0;
				TARGETED_DEVICE_FAMILY = "1,2";
				TEST_HOST = "$(BUILT_PRODUCTS_DIR)/RxSwift.app/$(BUNDLE_EXECUTABLE_FOLDER_PATH)/RxSwift";
			};
			name = Release;
		};
		88D6D85A2A63F48B00D3130C /* Debug */ = {
			isa = XCBuildConfiguration;
			buildSettings = {
				ALWAYS_EMBED_SWIFT_STANDARD_LIBRARIES = YES;
				CODE_SIGN_STYLE = Automatic;
				CURRENT_PROJECT_VERSION = 1;
				GENERATE_INFOPLIST_FILE = YES;
				MARKETING_VERSION = 1.0;
				PRODUCT_BUNDLE_IDENTIFIER = com.jiminPark.RxSwiftUITests;
				PRODUCT_NAME = "$(TARGET_NAME)";
				SWIFT_EMIT_LOC_STRINGS = NO;
				SWIFT_VERSION = 5.0;
				TARGETED_DEVICE_FAMILY = "1,2";
				TEST_TARGET_NAME = RxSwift;
			};
			name = Debug;
		};
		88D6D85B2A63F48B00D3130C /* Release */ = {
			isa = XCBuildConfiguration;
			buildSettings = {
				ALWAYS_EMBED_SWIFT_STANDARD_LIBRARIES = YES;
				CODE_SIGN_STYLE = Automatic;
				CURRENT_PROJECT_VERSION = 1;
				GENERATE_INFOPLIST_FILE = YES;
				MARKETING_VERSION = 1.0;
				PRODUCT_BUNDLE_IDENTIFIER = com.jiminPark.RxSwiftUITests;
				PRODUCT_NAME = "$(TARGET_NAME)";
				SWIFT_EMIT_LOC_STRINGS = NO;
				SWIFT_VERSION = 5.0;
				TARGETED_DEVICE_FAMILY = "1,2";
				TEST_TARGET_NAME = RxSwift;
			};
			name = Release;
		};
/* End XCBuildConfiguration section */

/* Begin XCConfigurationList section */
		88D6D8242A63F48900D3130C /* Build configuration list for PBXProject "RxSwift" */ = {
			isa = XCConfigurationList;
			buildConfigurations = (
				88D6D8512A63F48B00D3130C /* Debug */,
				88D6D8522A63F48B00D3130C /* Release */,
			);
			defaultConfigurationIsVisible = 0;
			defaultConfigurationName = Release;
		};
		88D6D8532A63F48B00D3130C /* Build configuration list for PBXNativeTarget "RxSwift" */ = {
			isa = XCConfigurationList;
			buildConfigurations = (
				88D6D8542A63F48B00D3130C /* Debug */,
				88D6D8552A63F48B00D3130C /* Release */,
			);
			defaultConfigurationIsVisible = 0;
			defaultConfigurationName = Release;
		};
		88D6D8562A63F48B00D3130C /* Build configuration list for PBXNativeTarget "RxSwiftTests" */ = {
			isa = XCConfigurationList;
			buildConfigurations = (
				88D6D8572A63F48B00D3130C /* Debug */,
				88D6D8582A63F48B00D3130C /* Release */,
			);
			defaultConfigurationIsVisible = 0;
			defaultConfigurationName = Release;
		};
		88D6D8592A63F48B00D3130C /* Build configuration list for PBXNativeTarget "RxSwiftUITests" */ = {
			isa = XCConfigurationList;
			buildConfigurations = (
				88D6D85A2A63F48B00D3130C /* Debug */,
				88D6D85B2A63F48B00D3130C /* Release */,
			);
			defaultConfigurationIsVisible = 0;
			defaultConfigurationName = Release;
		};
/* End XCConfigurationList section */
	};
	rootObject = 88D6D8212A63F48900D3130C /* Project object */;
}
